
Microsoft Visual Studio Solution File, Format Version 12.00
# Visual Studio Version 17
VisualStudioVersion = 17.5.33516.290
MinimumVisualStudioVersion = 10.0.40219.1
Project("{9A19103F-16F7-4668-BE54-9A1E7A4F7556}") = "WPF_Practice", "WPF_Practice.csproj", "{AB158517-222D-4DD6-8D5A-FA1FF02D6DCB}"
EndProject
Global
	GlobalSection(SolutionConfigurationPlatforms) = preSolution
		Debug|Any CPU = Debug|Any CPU
		Debug|x64 = Debug|x64
		Release|Any CPU = Release|Any CPU
		Release|x64 = Release|x64
	EndGlobalSection
	GlobalSection(ProjectConfigurationPlatforms) = postSolution
		{AB158517-222D-4DD6-8D5A-FA1FF02D6DCB}.Debug|Any CPU.ActiveCfg = Debug|Any CPU
		{AB158517-222D-4DD6-8D5A-FA1FF02D6DCB}.Debug|Any CPU.Build.0 = Debug|Any CPU
		{AB158517-222D-4DD6-8D5A-FA1FF02D6DCB}.Debug|x64.ActiveCfg = Debug|x64
		{AB158517-222D-4DD6-8D5A-FA1FF02D6DCB}.Debug|x64.Build.0 = Debug|x64
		{AB158517-222D-4DD6-8D5A-FA1FF02D6DCB}.Release|Any CPU.ActiveCfg = Release|Any CPU
		{AB158517-222D-4DD6-8D5A-FA1FF02D6DCB}.Release|Any CPU.Build.0 = Release|Any CPU
		{AB158517-222D-4DD6-8D5A-FA1FF02D6DCB}.Release|x64.ActiveCfg = Release|x64
		{AB158517-222D-4DD6-8D5A-FA1FF02D6DCB}.Release|x64.Build.0 = Release|x64
	EndGlobalSection
	GlobalSection(SolutionProperties) = preSolution
		HideSolutionNode = FALSE
	EndGlobalSection
	GlobalSection(ExtensibilityGlobals) = postSolution
		SolutionGuid = {8FC80B8D-EF26-4DB9-8F82-6F67D545CD68}
	EndGlobalSection
EndGlobal
